
Microsoft Visual Studio Solution File, Format Version 12.00
# Visual Studio 15
VisualStudioVersion = 15.0.26403.7
MinimumVisualStudioVersion = 10.0.40219.1
Project("{2150E333-8FDC-42A3-9474-1A3956D46DE8}") = "ClientFramework", "ClientFramework", "{13672929-5396-471E-B748-8960DE3F32DD}"
EndProject
Project("{2150E333-8FDC-42A3-9474-1A3956D46DE8}") = "ServerTestApp", "ServerTestApp", "{C62980BF-32E1-43B3-860E-8BD4A49E3E18}"
EndProject
Project("{2150E333-8FDC-42A3-9474-1A3956D46DE8}") = "ClientTestApp", "ClientTestApp", "{A099E914-2ED7-49F6-BF16-8189AC50F2D0}"
EndProject
Project("{2150E333-8FDC-42A3-9474-1A3956D46DE8}") = "DataAccessLayer", "DataAccessLayer", "{484A98E2-C2D9-4822-AF52-6CA2CDAF62CD}"
EndProject
Project("{2150E333-8FDC-42A3-9474-1A3956D46DE8}") = "Solution Items", "Solution Items", "{51F9EDBA-4E55-4470-A8D6-D5B7D8F9AB8F}"
EndProject
Project("{2150E333-8FDC-42A3-9474-1A3956D46DE8}") = "Shared", "Shared", "{D242E0FE-888F-4298-BF73-E3A20BB57D86}"
EndProject
Project("{FAE04EC0-301F-11D3-BF4B-00C04F79EFBC}") = "EasyRESTFramework.Client", "EasyRESTFramework.Client\EasyRESTFramework.Client.csproj", "{76EBEE74-FF30-4DDB-8184-235FA606FABB}"
EndProject
Project("{FAE04EC0-301F-11D3-BF4B-00C04F79EFBC}") = "EasyRESTTestClient", "EasyRESTTestClient\EasyRESTTestClient.csproj", "{28413F3E-5A31-4619-ABD9-D16A1A3CD6A5}"
EndProject
Project("{9A19103F-16F7-4668-BE54-9A1E7A4F7556}") = "DataAccess", "ServerTestApp\DataAccessLayer\DataAccess\DataAccess.csproj", "{AD71BAC6-88F6-4306-9842-E59D0E57607B}"
EndProject
Project("{9A19103F-16F7-4668-BE54-9A1E7A4F7556}") = "DataAccess.EntityFrameworkCore", "ServerTestApp\DataAccessLayer\DataAccess.EntityFrameworkCore\DataAccess.EntityFrameworkCore.csproj", "{5E9E43BB-7F3A-4282-871D-FF57CD523D8C}"
EndProject
Project("{9A19103F-16F7-4668-BE54-9A1E7A4F7556}") = "EasyRESTServer", "ServerTestApp\EasyRESTServer\EasyRESTServer.csproj", "{8AA62C3C-76C9-416C-9B15-3DD133D42F07}"
	ProjectSection(ProjectDependencies) = postProject
		{0CF96D84-5FC8-493C-866E-887CF22BDF80} = {0CF96D84-5FC8-493C-866E-887CF22BDF80}
		{5E9E43BB-7F3A-4282-871D-FF57CD523D8C} = {5E9E43BB-7F3A-4282-871D-FF57CD523D8C}
		{AD71BAC6-88F6-4306-9842-E59D0E57607B} = {AD71BAC6-88F6-4306-9842-E59D0E57607B}
	EndProjectSection
EndProject
Project("{FAE04EC0-301F-11D3-BF4B-00C04F79EFBC}") = "TestInternals", "TestInternals\TestInternals.csproj", "{D7AD9DDC-95E3-4159-8EEE-4AE8C8FA7D7E}"
EndProject
Project("{FAE04EC0-301F-11D3-BF4B-00C04F79EFBC}") = "DataAccess.Models", "Shared\DataAccess.Models\DataAccess.Models.csproj", "{0CF96D84-5FC8-493C-866E-887CF22BDF80}"
EndProject
Global
	GlobalSection(SolutionConfigurationPlatforms) = preSolution
		Debug|Any CPU = Debug|Any CPU
		Release|Any CPU = Release|Any CPU
	EndGlobalSection
	GlobalSection(ProjectConfigurationPlatforms) = postSolution
		{76EBEE74-FF30-4DDB-8184-235FA606FABB}.Debug|Any CPU.ActiveCfg = Release|Any CPU
		{76EBEE74-FF30-4DDB-8184-235FA606FABB}.Debug|Any CPU.Build.0 = Release|Any CPU
		{76EBEE74-FF30-4DDB-8184-235FA606FABB}.Release|Any CPU.ActiveCfg = Release|Any CPU
		{76EBEE74-FF30-4DDB-8184-235FA606FABB}.Release|Any CPU.Build.0 = Release|Any CPU
		{28413F3E-5A31-4619-ABD9-D16A1A3CD6A5}.Debug|Any CPU.ActiveCfg = Release|Any CPU
		{28413F3E-5A31-4619-ABD9-D16A1A3CD6A5}.Debug|Any CPU.Build.0 = Release|Any CPU
		{28413F3E-5A31-4619-ABD9-D16A1A3CD6A5}.Release|Any CPU.ActiveCfg = Release|Any CPU
		{28413F3E-5A31-4619-ABD9-D16A1A3CD6A5}.Release|Any CPU.Build.0 = Release|Any CPU
		{AD71BAC6-88F6-4306-9842-E59D0E57607B}.Debug|Any CPU.ActiveCfg = Release|Any CPU
		{AD71BAC6-88F6-4306-9842-E59D0E57607B}.Debug|Any CPU.Build.0 = Release|Any CPU
		{AD71BAC6-88F6-4306-9842-E59D0E57607B}.Release|Any CPU.ActiveCfg = Release|Any CPU
		{AD71BAC6-88F6-4306-9842-E59D0E57607B}.Release|Any CPU.Build.0 = Release|Any CPU
		{5E9E43BB-7F3A-4282-871D-FF57CD523D8C}.Debug|Any CPU.ActiveCfg = Release|Any CPU
		{5E9E43BB-7F3A-4282-871D-FF57CD523D8C}.Debug|Any CPU.Build.0 = Release|Any CPU
		{5E9E43BB-7F3A-4282-871D-FF57CD523D8C}.Release|Any CPU.ActiveCfg = Release|Any CPU
		{5E9E43BB-7F3A-4282-871D-FF57CD523D8C}.Release|Any CPU.Build.0 = Release|Any CPU
		{8AA62C3C-76C9-416C-9B15-3DD133D42F07}.Debug|Any CPU.ActiveCfg = Release|Any CPU
		{8AA62C3C-76C9-416C-9B15-3DD133D42F07}.Debug|Any CPU.Build.0 = Release|Any CPU
		{8AA62C3C-76C9-416C-9B15-3DD133D42F07}.Release|Any CPU.ActiveCfg = Release|Any CPU
		{8AA62C3C-76C9-416C-9B15-3DD133D42F07}.Release|Any CPU.Build.0 = Release|Any CPU
		{D7AD9DDC-95E3-4159-8EEE-4AE8C8FA7D7E}.Debug|Any CPU.ActiveCfg = Release|Any CPU
		{D7AD9DDC-95E3-4159-8EEE-4AE8C8FA7D7E}.Debug|Any CPU.Build.0 = Release|Any CPU
		{D7AD9DDC-95E3-4159-8EEE-4AE8C8FA7D7E}.Release|Any CPU.ActiveCfg = Release|Any CPU
		{D7AD9DDC-95E3-4159-8EEE-4AE8C8FA7D7E}.Release|Any CPU.Build.0 = Release|Any CPU
		{0CF96D84-5FC8-493C-866E-887CF22BDF80}.Debug|Any CPU.ActiveCfg = Release|Any CPU
		{0CF96D84-5FC8-493C-866E-887CF22BDF80}.Debug|Any CPU.Build.0 = Release|Any CPU
		{0CF96D84-5FC8-493C-866E-887CF22BDF80}.Release|Any CPU.ActiveCfg = Release|Any CPU
		{0CF96D84-5FC8-493C-866E-887CF22BDF80}.Release|Any CPU.Build.0 = Release|Any CPU
	EndGlobalSection
	GlobalSection(SolutionProperties) = preSolution
		HideSolutionNode = FALSE
	EndGlobalSection
	GlobalSection(NestedProjects) = preSolution
		{484A98E2-C2D9-4822-AF52-6CA2CDAF62CD} = {C62980BF-32E1-43B3-860E-8BD4A49E3E18}
		{76EBEE74-FF30-4DDB-8184-235FA606FABB} = {13672929-5396-471E-B748-8960DE3F32DD}
		{28413F3E-5A31-4619-ABD9-D16A1A3CD6A5} = {A099E914-2ED7-49F6-BF16-8189AC50F2D0}
		{AD71BAC6-88F6-4306-9842-E59D0E57607B} = {484A98E2-C2D9-4822-AF52-6CA2CDAF62CD}
		{5E9E43BB-7F3A-4282-871D-FF57CD523D8C} = {484A98E2-C2D9-4822-AF52-6CA2CDAF62CD}
		{8AA62C3C-76C9-416C-9B15-3DD133D42F07} = {C62980BF-32E1-43B3-860E-8BD4A49E3E18}
		{D7AD9DDC-95E3-4159-8EEE-4AE8C8FA7D7E} = {13672929-5396-471E-B748-8960DE3F32DD}
		{0CF96D84-5FC8-493C-866E-887CF22BDF80} = {D242E0FE-888F-4298-BF73-E3A20BB57D86}
	EndGlobalSection
EndGlobal
